// !$*UTF8*$!
{
	archiveVersion = 1;
	classes = {
	};
	objectVersion = 50;
	objects = {

/* Begin PBXBuildFile section */
		C226618727B4BCFB00350BA5 /* ContentsTextField.swift in Sources */ = {isa = PBXBuildFile; fileRef = C226618627B4BCFB00350BA5 /* ContentsTextField.swift */; };
		C226618A27B4BED700350BA5 /* PostProductContentsTextFieldDelegate.swift in Sources */ = {isa = PBXBuildFile; fileRef = C226618927B4BED700350BA5 /* PostProductContentsTextFieldDelegate.swift */; };
		C226619127B51EF800350BA5 /* PostProductDescriptionTextViewDelegate.swift in Sources */ = {isa = PBXBuildFile; fileRef = C226619027B51EF800350BA5 /* PostProductDescriptionTextViewDelegate.swift */; };
		C23B08F6279E3E99006456AD /* .swiftlint.yml in Resources */ = {isa = PBXBuildFile; fileRef = C23B08F5279E3E99006456AD /* .swiftlint.yml */; };
		C23B0907279E5105006456AD /* ProductList.swift in Sources */ = {isa = PBXBuildFile; fileRef = C23B0906279E5105006456AD /* ProductList.swift */; };
		C23B0909279E513B006456AD /* Product.swift in Sources */ = {isa = PBXBuildFile; fileRef = C23B0908279E513B006456AD /* Product.swift */; };
		C23B090B279E5C96006456AD /* Session.swift in Sources */ = {isa = PBXBuildFile; fileRef = C23B090A279E5C96006456AD /* Session.swift */; };
		C23B0911279E5EE4006456AD /* JSONParser.swift in Sources */ = {isa = PBXBuildFile; fileRef = C23B0910279E5EE4006456AD /* JSONParser.swift */; };
		C248370C27A01F7900874541 /* ProductListMockTests.swift in Sources */ = {isa = PBXBuildFile; fileRef = C248370B27A01F7900874541 /* ProductListMockTests.swift */; };
		C248370E27A01F9200874541 /* ProductListRealTests.swift in Sources */ = {isa = PBXBuildFile; fileRef = C248370D27A01F9200874541 /* ProductListRealTests.swift */; };
		C248822B27A0CE2000B5F12D /* ErrorMessage.swift in Sources */ = {isa = PBXBuildFile; fileRef = C248822A27A0CE2000B5F12D /* ErrorMessage.swift */; };
		C248822D27A0D08200B5F12D /* DataTaskHandler.swift in Sources */ = {isa = PBXBuildFile; fileRef = C248822C27A0D08200B5F12D /* DataTaskHandler.swift */; };
		C248823027A0D0ED00B5F12D /* ProductMockTests.swift in Sources */ = {isa = PBXBuildFile; fileRef = C248822F27A0D0ED00B5F12D /* ProductMockTests.swift */; };
		C248823227A0D24A00B5F12D /* ProductRealTests.swift in Sources */ = {isa = PBXBuildFile; fileRef = C248823127A0D24A00B5F12D /* ProductRealTests.swift */; };
		C248823927A287EE00B5F12D /* UIViewExtension.swift in Sources */ = {isa = PBXBuildFile; fileRef = C248823827A287EE00B5F12D /* UIViewExtension.swift */; };
		C248823B27A2880900B5F12D /* DispatchQueueExtension.swift in Sources */ = {isa = PBXBuildFile; fileRef = C248823A27A2880900B5F12D /* DispatchQueueExtension.swift */; };
		C248823E27A2883100B5F12D /* ProductListCellable.swift in Sources */ = {isa = PBXBuildFile; fileRef = C248823D27A2883100B5F12D /* ProductListCellable.swift */; };
		C248824027A2884F00B5F12D /* ListProductListCollectionViewCell.swift in Sources */ = {isa = PBXBuildFile; fileRef = C248823F27A2884F00B5F12D /* ListProductListCollectionViewCell.swift */; };
		C248824227A2886000B5F12D /* GridProductListCollectionViewCell.swift in Sources */ = {isa = PBXBuildFile; fileRef = C248824127A2886000B5F12D /* GridProductListCollectionViewCell.swift */; };
		C248824427A28D2100B5F12D /* StringExtension.swift in Sources */ = {isa = PBXBuildFile; fileRef = C248824327A28D2100B5F12D /* StringExtension.swift */; };
		C248824627A28F3500B5F12D /* DoubleExtension.swift in Sources */ = {isa = PBXBuildFile; fileRef = C248824527A28F3500B5F12D /* DoubleExtension.swift */; };
		C26B5A8927B1FBB8001AA201 /* PostProductLoader.swift in Sources */ = {isa = PBXBuildFile; fileRef = C26B5A8827B1FBB8001AA201 /* PostProductLoader.swift */; };
		C26B5A8C27B20DFE001AA201 /* PostProductRealTests.swift in Sources */ = {isa = PBXBuildFile; fileRef = C26B5A8B27B20DFE001AA201 /* PostProductRealTests.swift */; };
		C26B5A8E27B2296D001AA201 /* PostProduct.swift in Sources */ = {isa = PBXBuildFile; fileRef = C26B5A8D27B2296D001AA201 /* PostProduct.swift */; };
		C2850A94279E77FB00BF2CC3 /* XCTestCaseExtension.swift in Sources */ = {isa = PBXBuildFile; fileRef = C2850A93279E77FB00BF2CC3 /* XCTestCaseExtension.swift */; };
		C2850A96279E8B5700BF2CC3 /* MockSession.swift in Sources */ = {isa = PBXBuildFile; fileRef = C2850A95279E8B5700BF2CC3 /* MockSession.swift */; };
		C2850A9D279E93E700BF2CC3 /* ProductLoader.swift in Sources */ = {isa = PBXBuildFile; fileRef = C2850A9C279E93E700BF2CC3 /* ProductLoader.swift */; };
		C2850A9F279E93F800BF2CC3 /* ProductListLoader.swift in Sources */ = {isa = PBXBuildFile; fileRef = C2850A9E279E93F800BF2CC3 /* ProductListLoader.swift */; };
		C2850AA3279E991D00BF2CC3 /* ProductImage.swift in Sources */ = {isa = PBXBuildFile; fileRef = C2850AA2279E991D00BF2CC3 /* ProductImage.swift */; };
		C2850AA5279E9F8D00BF2CC3 /* OpenMarketAPICheckTests.swift in Sources */ = {isa = PBXBuildFile; fileRef = C2850AA4279E9F8D00BF2CC3 /* OpenMarketAPICheckTests.swift */; };
		C2A3616627B0C4E000E0EC82 /* PostProductViewController.swift in Sources */ = {isa = PBXBuildFile; fileRef = C2A3616527B0C4E000E0EC82 /* PostProductViewController.swift */; };
		C2A3616827B10EF700E0EC82 /* PostProductContentsCell.swift in Sources */ = {isa = PBXBuildFile; fileRef = C2A3616727B10EF700E0EC82 /* PostProductContentsCell.swift */; };
		C2A3616A27B10F0800E0EC82 /* PostProductDescriptionCell.swift in Sources */ = {isa = PBXBuildFile; fileRef = C2A3616927B10F0800E0EC82 /* PostProductDescriptionCell.swift */; };
		C2A3616C27B1112100E0EC82 /* PostProductImageCell.swift in Sources */ = {isa = PBXBuildFile; fileRef = C2A3616B27B1112100E0EC82 /* PostProductImageCell.swift */; };
		C70FB0FB25BEF61C00C9924E /* AppDelegate.swift in Sources */ = {isa = PBXBuildFile; fileRef = C70FB0FA25BEF61C00C9924E /* AppDelegate.swift */; };
		C70FB0FD25BEF61C00C9924E /* SceneDelegate.swift in Sources */ = {isa = PBXBuildFile; fileRef = C70FB0FC25BEF61C00C9924E /* SceneDelegate.swift */; };
		C70FB0FF25BEF61C00C9924E /* ProductListViewController.swift in Sources */ = {isa = PBXBuildFile; fileRef = C70FB0FE25BEF61C00C9924E /* ProductListViewController.swift */; };
		C70FB10225BEF61C00C9924E /* Main.storyboard in Resources */ = {isa = PBXBuildFile; fileRef = C70FB10025BEF61C00C9924E /* Main.storyboard */; };
		C70FB10425BEF61D00C9924E /* Assets.xcassets in Resources */ = {isa = PBXBuildFile; fileRef = C70FB10325BEF61D00C9924E /* Assets.xcassets */; };
		C70FB10725BEF61D00C9924E /* LaunchScreen.storyboard in Resources */ = {isa = PBXBuildFile; fileRef = C70FB10525BEF61D00C9924E /* LaunchScreen.storyboard */; };
/* End PBXBuildFile section */

/* Begin PBXContainerItemProxy section */
		C23B0900279E46AC006456AD /* PBXContainerItemProxy */ = {
			isa = PBXContainerItemProxy;
			containerPortal = C70FB0EF25BEF61C00C9924E /* Project object */;
			proxyType = 1;
			remoteGlobalIDString = C70FB0F625BEF61C00C9924E;
			remoteInfo = OpenMarket;
		};
/* End PBXContainerItemProxy section */

/* Begin PBXFileReference section */
		C226618627B4BCFB00350BA5 /* ContentsTextField.swift */ = {isa = PBXFileReference; lastKnownFileType = sourcecode.swift; path = ContentsTextField.swift; sourceTree = "<group>"; };
		C226618927B4BED700350BA5 /* PostProductContentsTextFieldDelegate.swift */ = {isa = PBXFileReference; lastKnownFileType = sourcecode.swift; path = PostProductContentsTextFieldDelegate.swift; sourceTree = "<group>"; };
		C226619027B51EF800350BA5 /* PostProductDescriptionTextViewDelegate.swift */ = {isa = PBXFileReference; lastKnownFileType = sourcecode.swift; path = PostProductDescriptionTextViewDelegate.swift; sourceTree = "<group>"; };
		C23B08F5279E3E99006456AD /* .swiftlint.yml */ = {isa = PBXFileReference; lastKnownFileType = text.yaml; path = .swiftlint.yml; sourceTree = "<group>"; };
		C23B08FC279E46AC006456AD /* OpenMarketTests.xctest */ = {isa = PBXFileReference; explicitFileType = wrapper.cfbundle; includeInIndex = 0; path = OpenMarketTests.xctest; sourceTree = BUILT_PRODUCTS_DIR; };
		C23B0906279E5105006456AD /* ProductList.swift */ = {isa = PBXFileReference; lastKnownFileType = sourcecode.swift; path = ProductList.swift; sourceTree = "<group>"; };
		C23B0908279E513B006456AD /* Product.swift */ = {isa = PBXFileReference; lastKnownFileType = sourcecode.swift; path = Product.swift; sourceTree = "<group>"; };
		C23B090A279E5C96006456AD /* Session.swift */ = {isa = PBXFileReference; lastKnownFileType = sourcecode.swift; path = Session.swift; sourceTree = "<group>"; };
		C23B0910279E5EE4006456AD /* JSONParser.swift */ = {isa = PBXFileReference; lastKnownFileType = sourcecode.swift; path = JSONParser.swift; sourceTree = "<group>"; };
		C248370B27A01F7900874541 /* ProductListMockTests.swift */ = {isa = PBXFileReference; lastKnownFileType = sourcecode.swift; path = ProductListMockTests.swift; sourceTree = "<group>"; };
		C248370D27A01F9200874541 /* ProductListRealTests.swift */ = {isa = PBXFileReference; lastKnownFileType = sourcecode.swift; path = ProductListRealTests.swift; sourceTree = "<group>"; };
		C248822A27A0CE2000B5F12D /* ErrorMessage.swift */ = {isa = PBXFileReference; lastKnownFileType = sourcecode.swift; path = ErrorMessage.swift; sourceTree = "<group>"; };
		C248822C27A0D08200B5F12D /* DataTaskHandler.swift */ = {isa = PBXFileReference; lastKnownFileType = sourcecode.swift; path = DataTaskHandler.swift; sourceTree = "<group>"; };
		C248822F27A0D0ED00B5F12D /* ProductMockTests.swift */ = {isa = PBXFileReference; lastKnownFileType = sourcecode.swift; path = ProductMockTests.swift; sourceTree = "<group>"; };
		C248823127A0D24A00B5F12D /* ProductRealTests.swift */ = {isa = PBXFileReference; lastKnownFileType = sourcecode.swift; path = ProductRealTests.swift; sourceTree = "<group>"; };
		C248823827A287EE00B5F12D /* UIViewExtension.swift */ = {isa = PBXFileReference; lastKnownFileType = sourcecode.swift; path = UIViewExtension.swift; sourceTree = "<group>"; };
		C248823A27A2880900B5F12D /* DispatchQueueExtension.swift */ = {isa = PBXFileReference; lastKnownFileType = sourcecode.swift; path = DispatchQueueExtension.swift; sourceTree = "<group>"; };
		C248823D27A2883100B5F12D /* ProductListCellable.swift */ = {isa = PBXFileReference; lastKnownFileType = sourcecode.swift; path = ProductListCellable.swift; sourceTree = "<group>"; };
		C248823F27A2884F00B5F12D /* ListProductListCollectionViewCell.swift */ = {isa = PBXFileReference; lastKnownFileType = sourcecode.swift; path = ListProductListCollectionViewCell.swift; sourceTree = "<group>"; };
		C248824127A2886000B5F12D /* GridProductListCollectionViewCell.swift */ = {isa = PBXFileReference; lastKnownFileType = sourcecode.swift; path = GridProductListCollectionViewCell.swift; sourceTree = "<group>"; };
		C248824327A28D2100B5F12D /* StringExtension.swift */ = {isa = PBXFileReference; lastKnownFileType = sourcecode.swift; path = StringExtension.swift; sourceTree = "<group>"; };
		C248824527A28F3500B5F12D /* DoubleExtension.swift */ = {isa = PBXFileReference; lastKnownFileType = sourcecode.swift; path = DoubleExtension.swift; sourceTree = "<group>"; };
		C26B5A8827B1FBB8001AA201 /* PostProductLoader.swift */ = {isa = PBXFileReference; lastKnownFileType = sourcecode.swift; path = PostProductLoader.swift; sourceTree = "<group>"; };
		C26B5A8B27B20DFE001AA201 /* PostProductRealTests.swift */ = {isa = PBXFileReference; lastKnownFileType = sourcecode.swift; path = PostProductRealTests.swift; sourceTree = "<group>"; };
		C26B5A8D27B2296D001AA201 /* PostProduct.swift */ = {isa = PBXFileReference; lastKnownFileType = sourcecode.swift; path = PostProduct.swift; sourceTree = "<group>"; };
		C2850A93279E77FB00BF2CC3 /* XCTestCaseExtension.swift */ = {isa = PBXFileReference; lastKnownFileType = sourcecode.swift; path = XCTestCaseExtension.swift; sourceTree = "<group>"; };
		C2850A95279E8B5700BF2CC3 /* MockSession.swift */ = {isa = PBXFileReference; lastKnownFileType = sourcecode.swift; path = MockSession.swift; sourceTree = "<group>"; };
		C2850A9C279E93E700BF2CC3 /* ProductLoader.swift */ = {isa = PBXFileReference; lastKnownFileType = sourcecode.swift; path = ProductLoader.swift; sourceTree = "<group>"; };
		C2850A9E279E93F800BF2CC3 /* ProductListLoader.swift */ = {isa = PBXFileReference; lastKnownFileType = sourcecode.swift; path = ProductListLoader.swift; sourceTree = "<group>"; };
		C2850AA2279E991D00BF2CC3 /* ProductImage.swift */ = {isa = PBXFileReference; lastKnownFileType = sourcecode.swift; path = ProductImage.swift; sourceTree = "<group>"; };
		C2850AA4279E9F8D00BF2CC3 /* OpenMarketAPICheckTests.swift */ = {isa = PBXFileReference; lastKnownFileType = sourcecode.swift; path = OpenMarketAPICheckTests.swift; sourceTree = "<group>"; };
		C2A3616527B0C4E000E0EC82 /* PostProductViewController.swift */ = {isa = PBXFileReference; lastKnownFileType = sourcecode.swift; path = PostProductViewController.swift; sourceTree = "<group>"; };
		C2A3616727B10EF700E0EC82 /* PostProductContentsCell.swift */ = {isa = PBXFileReference; lastKnownFileType = sourcecode.swift; path = PostProductContentsCell.swift; sourceTree = "<group>"; };
		C2A3616927B10F0800E0EC82 /* PostProductDescriptionCell.swift */ = {isa = PBXFileReference; lastKnownFileType = sourcecode.swift; path = PostProductDescriptionCell.swift; sourceTree = "<group>"; };
		C2A3616B27B1112100E0EC82 /* PostProductImageCell.swift */ = {isa = PBXFileReference; lastKnownFileType = sourcecode.swift; path = PostProductImageCell.swift; sourceTree = "<group>"; };
		C70FB0F725BEF61C00C9924E /* OpenMarket.app */ = {isa = PBXFileReference; explicitFileType = wrapper.application; includeInIndex = 0; path = OpenMarket.app; sourceTree = BUILT_PRODUCTS_DIR; };
		C70FB0FA25BEF61C00C9924E /* AppDelegate.swift */ = {isa = PBXFileReference; lastKnownFileType = sourcecode.swift; path = AppDelegate.swift; sourceTree = "<group>"; };
		C70FB0FC25BEF61C00C9924E /* SceneDelegate.swift */ = {isa = PBXFileReference; lastKnownFileType = sourcecode.swift; path = SceneDelegate.swift; sourceTree = "<group>"; };
		C70FB0FE25BEF61C00C9924E /* ProductListViewController.swift */ = {isa = PBXFileReference; lastKnownFileType = sourcecode.swift; path = ProductListViewController.swift; sourceTree = "<group>"; };
		C70FB10125BEF61C00C9924E /* Base */ = {isa = PBXFileReference; lastKnownFileType = file.storyboard; name = Base; path = Base.lproj/Main.storyboard; sourceTree = "<group>"; };
		C70FB10325BEF61D00C9924E /* Assets.xcassets */ = {isa = PBXFileReference; lastKnownFileType = folder.assetcatalog; path = Assets.xcassets; sourceTree = "<group>"; };
		C70FB10625BEF61D00C9924E /* Base */ = {isa = PBXFileReference; lastKnownFileType = file.storyboard; name = Base; path = Base.lproj/LaunchScreen.storyboard; sourceTree = "<group>"; };
		C70FB10825BEF61D00C9924E /* Info.plist */ = {isa = PBXFileReference; lastKnownFileType = text.plist.xml; path = Info.plist; sourceTree = "<group>"; };
/* End PBXFileReference section */

/* Begin PBXFrameworksBuildPhase section */
		C23B08F9279E46AC006456AD /* Frameworks */ = {
			isa = PBXFrameworksBuildPhase;
			buildActionMask = 2147483647;
			files = (
			);
			runOnlyForDeploymentPostprocessing = 0;
		};
		C70FB0F425BEF61C00C9924E /* Frameworks */ = {
			isa = PBXFrameworksBuildPhase;
			buildActionMask = 2147483647;
			files = (
			);
			runOnlyForDeploymentPostprocessing = 0;
		};
/* End PBXFrameworksBuildPhase section */

/* Begin PBXGroup section */
		C226618827B4BEC000350BA5 /* Post */ = {
			isa = PBXGroup;
			children = (
				C2A3616527B0C4E000E0EC82 /* PostProductViewController.swift */,
				C226618927B4BED700350BA5 /* PostProductContentsTextFieldDelegate.swift */,
				C226619027B51EF800350BA5 /* PostProductDescriptionTextViewDelegate.swift */,
			);
			path = Post;
			sourceTree = "<group>";
		};
		C226618B27B4BEF200350BA5 /* ProductList */ = {
			isa = PBXGroup;
			children = (
				C70FB0FE25BEF61C00C9924E /* ProductListViewController.swift */,
			);
			path = ProductList;
			sourceTree = "<group>";
		};
		C23B08FD279E46AC006456AD /* OpenMarketTests */ = {
			isa = PBXGroup;
			children = (
				C26B5A8A27B20DEC001AA201 /* PostProductTest */,
				C248822E27A0D0DF00B5F12D /* ProductTest */,
				C248370A27A01F6300874541 /* ProductListTest */,
				C2850A99279E926200BF2CC3 /* Extension */,
				C2850A9A279E926A00BF2CC3 /* Mock */,
				C2850AA4279E9F8D00BF2CC3 /* OpenMarketAPICheckTests.swift */,
			);
			path = OpenMarketTests;
			sourceTree = "<group>";
		};
		C23B0905279E50E3006456AD /* Model */ = {
			isa = PBXGroup;
			children = (
				C23B0906279E5105006456AD /* ProductList.swift */,
				C23B0908279E513B006456AD /* Product.swift */,
				C2850AA2279E991D00BF2CC3 /* ProductImage.swift */,
				C248822A27A0CE2000B5F12D /* ErrorMessage.swift */,
				C26B5A8D27B2296D001AA201 /* PostProduct.swift */,
			);
			path = Model;
			sourceTree = "<group>";
		};
		C23B090C279E5C99006456AD /* Session */ = {
			isa = PBXGroup;
			children = (
				C23B090A279E5C96006456AD /* Session.swift */,
				C248822C27A0D08200B5F12D /* DataTaskHandler.swift */,
			);
			path = Session;
			sourceTree = "<group>";
		};
		C23B090F279E5EBE006456AD /* Converter */ = {
			isa = PBXGroup;
			children = (
				C23B0910279E5EE4006456AD /* JSONParser.swift */,
			);
			path = Converter;
			sourceTree = "<group>";
		};
		C248370A27A01F6300874541 /* ProductListTest */ = {
			isa = PBXGroup;
			children = (
				C248370B27A01F7900874541 /* ProductListMockTests.swift */,
				C248370D27A01F9200874541 /* ProductListRealTests.swift */,
			);
			path = ProductListTest;
			sourceTree = "<group>";
		};
		C248822E27A0D0DF00B5F12D /* ProductTest */ = {
			isa = PBXGroup;
			children = (
				C248822F27A0D0ED00B5F12D /* ProductMockTests.swift */,
				C248823127A0D24A00B5F12D /* ProductRealTests.swift */,
			);
			path = ProductTest;
			sourceTree = "<group>";
		};
		C248823727A287E200B5F12D /* Extension */ = {
			isa = PBXGroup;
			children = (
				C248823827A287EE00B5F12D /* UIViewExtension.swift */,
				C248823A27A2880900B5F12D /* DispatchQueueExtension.swift */,
				C248824327A28D2100B5F12D /* StringExtension.swift */,
				C248824527A28F3500B5F12D /* DoubleExtension.swift */,
			);
			path = Extension;
			sourceTree = "<group>";
		};
		C248823C27A2882100B5F12D /* View */ = {
			isa = PBXGroup;
			children = (
				C248823D27A2883100B5F12D /* ProductListCellable.swift */,
				C248823F27A2884F00B5F12D /* ListProductListCollectionViewCell.swift */,
				C248824127A2886000B5F12D /* GridProductListCollectionViewCell.swift */,
				C2A3616727B10EF700E0EC82 /* PostProductContentsCell.swift */,
				C2A3616927B10F0800E0EC82 /* PostProductDescriptionCell.swift */,
				C2A3616B27B1112100E0EC82 /* PostProductImageCell.swift */,
				C226618627B4BCFB00350BA5 /* ContentsTextField.swift */,
			);
			path = View;
			sourceTree = "<group>";
		};
		C26B5A8A27B20DEC001AA201 /* PostProductTest */ = {
			isa = PBXGroup;
			children = (
				C26B5A8B27B20DFE001AA201 /* PostProductRealTests.swift */,
			);
			path = PostProductTest;
			sourceTree = "<group>";
		};
		C2850A99279E926200BF2CC3 /* Extension */ = {
			isa = PBXGroup;
			children = (
				C2850A93279E77FB00BF2CC3 /* XCTestCaseExtension.swift */,
			);
			path = Extension;
			sourceTree = "<group>";
		};
		C2850A9A279E926A00BF2CC3 /* Mock */ = {
			isa = PBXGroup;
			children = (
				C2850A95279E8B5700BF2CC3 /* MockSession.swift */,
			);
			path = Mock;
			sourceTree = "<group>";
		};
		C2850A9B279E93DB00BF2CC3 /* Loader */ = {
			isa = PBXGroup;
			children = (
				C2850A9C279E93E700BF2CC3 /* ProductLoader.swift */,
				C2850A9E279E93F800BF2CC3 /* ProductListLoader.swift */,
				C26B5A8827B1FBB8001AA201 /* PostProductLoader.swift */,
			);
			path = Loader;
			sourceTree = "<group>";
		};
		C2850AA0279E98B300BF2CC3 /* ViewController */ = {
			isa = PBXGroup;
			children = (
				C226618B27B4BEF200350BA5 /* ProductList */,
				C226618827B4BEC000350BA5 /* Post */,
			);
			path = ViewController;
			sourceTree = "<group>";
		};
		C2850AA1279E98BC00BF2CC3 /* Resource */ = {
			isa = PBXGroup;
			children = (
				C70FB0FA25BEF61C00C9924E /* AppDelegate.swift */,
				C70FB0FC25BEF61C00C9924E /* SceneDelegate.swift */,
				C70FB10025BEF61C00C9924E /* Main.storyboard */,
				C70FB10325BEF61D00C9924E /* Assets.xcassets */,
				C70FB10525BEF61D00C9924E /* LaunchScreen.storyboard */,
				C70FB10825BEF61D00C9924E /* Info.plist */,
			);
			path = Resource;
			sourceTree = "<group>";
		};
		C70FB0EE25BEF61C00C9924E = {
			isa = PBXGroup;
			children = (
				C23B08F5279E3E99006456AD /* .swiftlint.yml */,
				C70FB0F925BEF61C00C9924E /* OpenMarket */,
				C23B08FD279E46AC006456AD /* OpenMarketTests */,
				C70FB0F825BEF61C00C9924E /* Products */,
			);
			sourceTree = "<group>";
		};
		C70FB0F825BEF61C00C9924E /* Products */ = {
			isa = PBXGroup;
			children = (
				C70FB0F725BEF61C00C9924E /* OpenMarket.app */,
				C23B08FC279E46AC006456AD /* OpenMarketTests.xctest */,
			);
			name = Products;
			sourceTree = "<group>";
		};
		C70FB0F925BEF61C00C9924E /* OpenMarket */ = {
			isa = PBXGroup;
			children = (
				C23B090F279E5EBE006456AD /* Converter */,
				C248823727A287E200B5F12D /* Extension */,
				C2850A9B279E93DB00BF2CC3 /* Loader */,
				C23B0905279E50E3006456AD /* Model */,
				C2850AA1279E98BC00BF2CC3 /* Resource */,
				C23B090C279E5C99006456AD /* Session */,
				C248823C27A2882100B5F12D /* View */,
				C2850AA0279E98B300BF2CC3 /* ViewController */,
			);
			path = OpenMarket;
			sourceTree = "<group>";
		};
/* End PBXGroup section */

/* Begin PBXNativeTarget section */
		C23B08FB279E46AC006456AD /* OpenMarketTests */ = {
			isa = PBXNativeTarget;
			buildConfigurationList = C23B0902279E46AC006456AD /* Build configuration list for PBXNativeTarget "OpenMarketTests" */;
			buildPhases = (
				C23B08F8279E46AC006456AD /* Sources */,
				C23B08F9279E46AC006456AD /* Frameworks */,
				C23B08FA279E46AC006456AD /* Resources */,
			);
			buildRules = (
			);
			dependencies = (
				C23B0901279E46AC006456AD /* PBXTargetDependency */,
			);
			name = OpenMarketTests;
			productName = OpenMarketTests;
			productReference = C23B08FC279E46AC006456AD /* OpenMarketTests.xctest */;
			productType = "com.apple.product-type.bundle.unit-test";
		};
		C70FB0F625BEF61C00C9924E /* OpenMarket */ = {
			isa = PBXNativeTarget;
			buildConfigurationList = C70FB10B25BEF61D00C9924E /* Build configuration list for PBXNativeTarget "OpenMarket" */;
			buildPhases = (
				C70FB0F325BEF61C00C9924E /* Sources */,
				C70FB0F425BEF61C00C9924E /* Frameworks */,
				C70FB0F525BEF61C00C9924E /* Resources */,
				C23B08F7279E3EA6006456AD /* ShellScript */,
			);
			buildRules = (
			);
			dependencies = (
			);
			name = OpenMarket;
			productName = OpenMarket;
			productReference = C70FB0F725BEF61C00C9924E /* OpenMarket.app */;
			productType = "com.apple.product-type.application";
		};
/* End PBXNativeTarget section */

/* Begin PBXProject section */
		C70FB0EF25BEF61C00C9924E /* Project object */ = {
			isa = PBXProject;
			attributes = {
				LastSwiftUpdateCheck = 1310;
				LastUpgradeCheck = 1230;
				TargetAttributes = {
					C23B08FB279E46AC006456AD = {
						CreatedOnToolsVersion = 13.1;
						TestTargetID = C70FB0F625BEF61C00C9924E;
					};
					C70FB0F625BEF61C00C9924E = {
						CreatedOnToolsVersion = 12.3;
					};
				};
			};
			buildConfigurationList = C70FB0F225BEF61C00C9924E /* Build configuration list for PBXProject "OpenMarket" */;
			compatibilityVersion = "Xcode 9.3";
			developmentRegion = en;
			hasScannedForEncodings = 0;
			knownRegions = (
				en,
				Base,
			);
			mainGroup = C70FB0EE25BEF61C00C9924E;
			productRefGroup = C70FB0F825BEF61C00C9924E /* Products */;
			projectDirPath = "";
			projectRoot = "";
			targets = (
				C70FB0F625BEF61C00C9924E /* OpenMarket */,
				C23B08FB279E46AC006456AD /* OpenMarketTests */,
			);
		};
/* End PBXProject section */

/* Begin PBXResourcesBuildPhase section */
		C23B08FA279E46AC006456AD /* Resources */ = {
			isa = PBXResourcesBuildPhase;
			buildActionMask = 2147483647;
			files = (
			);
			runOnlyForDeploymentPostprocessing = 0;
		};
		C70FB0F525BEF61C00C9924E /* Resources */ = {
			isa = PBXResourcesBuildPhase;
			buildActionMask = 2147483647;
			files = (
				C23B08F6279E3E99006456AD /* .swiftlint.yml in Resources */,
				C70FB10725BEF61D00C9924E /* LaunchScreen.storyboard in Resources */,
				C70FB10425BEF61D00C9924E /* Assets.xcassets in Resources */,
				C70FB10225BEF61C00C9924E /* Main.storyboard in Resources */,
			);
			runOnlyForDeploymentPostprocessing = 0;
		};
/* End PBXResourcesBuildPhase section */

/* Begin PBXShellScriptBuildPhase section */
		C23B08F7279E3EA6006456AD /* ShellScript */ = {
			isa = PBXShellScriptBuildPhase;
			buildActionMask = 2147483647;
			files = (
			);
			inputFileListPaths = (
			);
			inputPaths = (
			);
			outputFileListPaths = (
			);
			outputPaths = (
			);
			runOnlyForDeploymentPostprocessing = 0;
			shellPath = /bin/sh;
			shellScript = "if test -d \"/opt/homebrew/bin/\"; then\n  PATH=\"/opt/homebrew/bin/:${PATH}\"\nfi\n\nexport PATH\n\nif which swiftlint >/dev/null; then\n  swiftlint\nelse\n  echo \"warning: SwiftLint not installed, download from https://github.com/realm/SwiftLint\"\nfi\n";
		};
/* End PBXShellScriptBuildPhase section */

/* Begin PBXSourcesBuildPhase section */
		C23B08F8279E46AC006456AD /* Sources */ = {
			isa = PBXSourcesBuildPhase;
			buildActionMask = 2147483647;
			files = (
				C2850A96279E8B5700BF2CC3 /* MockSession.swift in Sources */,
				C248823227A0D24A00B5F12D /* ProductRealTests.swift in Sources */,
				C2850A94279E77FB00BF2CC3 /* XCTestCaseExtension.swift in Sources */,
				C26B5A8C27B20DFE001AA201 /* PostProductRealTests.swift in Sources */,
				C248370C27A01F7900874541 /* ProductListMockTests.swift in Sources */,
				C2850AA5279E9F8D00BF2CC3 /* OpenMarketAPICheckTests.swift in Sources */,
				C248370E27A01F9200874541 /* ProductListRealTests.swift in Sources */,
				C248823027A0D0ED00B5F12D /* ProductMockTests.swift in Sources */,
			);
			runOnlyForDeploymentPostprocessing = 0;
		};
		C70FB0F325BEF61C00C9924E /* Sources */ = {
			isa = PBXSourcesBuildPhase;
			buildActionMask = 2147483647;
			files = (
				C26B5A8927B1FBB8001AA201 /* PostProductLoader.swift in Sources */,
				C2A3616A27B10F0800E0EC82 /* PostProductDescriptionCell.swift in Sources */,
				C70FB0FF25BEF61C00C9924E /* ProductListViewController.swift in Sources */,
				C23B0907279E5105006456AD /* ProductList.swift in Sources */,
				C248822B27A0CE2000B5F12D /* ErrorMessage.swift in Sources */,
				C248824227A2886000B5F12D /* GridProductListCollectionViewCell.swift in Sources */,
				C226618A27B4BED700350BA5 /* PostProductContentsTextFieldDelegate.swift in Sources */,
				C23B090B279E5C96006456AD /* Session.swift in Sources */,
				C23B0909279E513B006456AD /* Product.swift in Sources */,
				C248823B27A2880900B5F12D /* DispatchQueueExtension.swift in Sources */,
				C70FB0FB25BEF61C00C9924E /* AppDelegate.swift in Sources */,
				C2A3616827B10EF700E0EC82 /* PostProductContentsCell.swift in Sources */,
				C2A3616627B0C4E000E0EC82 /* PostProductViewController.swift in Sources */,
				C2A3616C27B1112100E0EC82 /* PostProductImageCell.swift in Sources */,
				C2850A9F279E93F800BF2CC3 /* ProductListLoader.swift in Sources */,
				C23B0911279E5EE4006456AD /* JSONParser.swift in Sources */,
				C2850AA3279E991D00BF2CC3 /* ProductImage.swift in Sources */,
				C248824027A2884F00B5F12D /* ListProductListCollectionViewCell.swift in Sources */,
				C26B5A8E27B2296D001AA201 /* PostProduct.swift in Sources */,
				C248823927A287EE00B5F12D /* UIViewExtension.swift in Sources */,
				C226618727B4BCFB00350BA5 /* ContentsTextField.swift in Sources */,
				C2850A9D279E93E700BF2CC3 /* ProductLoader.swift in Sources */,
				C248824427A28D2100B5F12D /* StringExtension.swift in Sources */,
				C248824627A28F3500B5F12D /* DoubleExtension.swift in Sources */,
				C248823E27A2883100B5F12D /* ProductListCellable.swift in Sources */,
				C226619127B51EF800350BA5 /* PostProductDescriptionTextViewDelegate.swift in Sources */,
				C70FB0FD25BEF61C00C9924E /* SceneDelegate.swift in Sources */,
				C248822D27A0D08200B5F12D /* DataTaskHandler.swift in Sources */,
			);
			runOnlyForDeploymentPostprocessing = 0;
		};
/* End PBXSourcesBuildPhase section */

/* Begin PBXTargetDependency section */
		C23B0901279E46AC006456AD /* PBXTargetDependency */ = {
			isa = PBXTargetDependency;
			target = C70FB0F625BEF61C00C9924E /* OpenMarket */;
			targetProxy = C23B0900279E46AC006456AD /* PBXContainerItemProxy */;
		};
/* End PBXTargetDependency section */

/* Begin PBXVariantGroup section */
		C70FB10025BEF61C00C9924E /* Main.storyboard */ = {
			isa = PBXVariantGroup;
			children = (
				C70FB10125BEF61C00C9924E /* Base */,
			);
			name = Main.storyboard;
			sourceTree = "<group>";
		};
		C70FB10525BEF61D00C9924E /* LaunchScreen.storyboard */ = {
			isa = PBXVariantGroup;
			children = (
				C70FB10625BEF61D00C9924E /* Base */,
			);
			name = LaunchScreen.storyboard;
			sourceTree = "<group>";
		};
/* End PBXVariantGroup section */

/* Begin XCBuildConfiguration section */
		C23B0903279E46AC006456AD /* Debug */ = {
			isa = XCBuildConfiguration;
			buildSettings = {
				BUNDLE_LOADER = "$(TEST_HOST)";
				CLANG_CXX_LANGUAGE_STANDARD = "gnu++17";
				CODE_SIGN_STYLE = Automatic;
				CURRENT_PROJECT_VERSION = 1;
				GENERATE_INFOPLIST_FILE = YES;
				IPHONEOS_DEPLOYMENT_TARGET = 13.2;
				LD_RUNPATH_SEARCH_PATHS = (
					"$(inherited)",
					"@executable_path/Frameworks",
					"@loader_path/Frameworks",
				);
				MARKETING_VERSION = 1.0;
				PRODUCT_BUNDLE_IDENTIFIER = com.hyunSu.OpenMarketTests;
				PRODUCT_NAME = "$(TARGET_NAME)";
				SWIFT_EMIT_LOC_STRINGS = NO;
				SWIFT_VERSION = 5.0;
				TARGETED_DEVICE_FAMILY = "1,2";
				TEST_HOST = "$(BUILT_PRODUCTS_DIR)/OpenMarket.app/OpenMarket";
			};
			name = Debug;
		};
		C23B0904279E46AC006456AD /* Release */ = {
			isa = XCBuildConfiguration;
			buildSettings = {
				BUNDLE_LOADER = "$(TEST_HOST)";
				CLANG_CXX_LANGUAGE_STANDARD = "gnu++17";
				CODE_SIGN_STYLE = Automatic;
				CURRENT_PROJECT_VERSION = 1;
				GENERATE_INFOPLIST_FILE = YES;
				IPHONEOS_DEPLOYMENT_TARGET = 13.2;
				LD_RUNPATH_SEARCH_PATHS = (
					"$(inherited)",
					"@executable_path/Frameworks",
					"@loader_path/Frameworks",
				);
				MARKETING_VERSION = 1.0;
				PRODUCT_BUNDLE_IDENTIFIER = com.hyunSu.OpenMarketTests;
				PRODUCT_NAME = "$(TARGET_NAME)";
				SWIFT_EMIT_LOC_STRINGS = NO;
				SWIFT_VERSION = 5.0;
				TARGETED_DEVICE_FAMILY = "1,2";
				TEST_HOST = "$(BUILT_PRODUCTS_DIR)/OpenMarket.app/OpenMarket";
			};
			name = Release;
		};
		C70FB10925BEF61D00C9924E /* Debug */ = {
			isa = XCBuildConfiguration;
			buildSettings = {
				ALWAYS_SEARCH_USER_PATHS = NO;
				CLANG_ANALYZER_NONNULL = YES;
				CLANG_ANALYZER_NUMBER_OBJECT_CONVERSION = YES_AGGRESSIVE;
				CLANG_CXX_LANGUAGE_STANDARD = "gnu++14";
				CLANG_CXX_LIBRARY = "libc++";
				CLANG_ENABLE_MODULES = YES;
				CLANG_ENABLE_OBJC_ARC = YES;
				CLANG_ENABLE_OBJC_WEAK = YES;
				CLANG_WARN_BLOCK_CAPTURE_AUTORELEASING = YES;
				CLANG_WARN_BOOL_CONVERSION = YES;
				CLANG_WARN_COMMA = YES;
				CLANG_WARN_CONSTANT_CONVERSION = YES;
				CLANG_WARN_DEPRECATED_OBJC_IMPLEMENTATIONS = YES;
				CLANG_WARN_DIRECT_OBJC_ISA_USAGE = YES_ERROR;
				CLANG_WARN_DOCUMENTATION_COMMENTS = YES;
				CLANG_WARN_EMPTY_BODY = YES;
				CLANG_WARN_ENUM_CONVERSION = YES;
				CLANG_WARN_INFINITE_RECURSION = YES;
				CLANG_WARN_INT_CONVERSION = YES;
				CLANG_WARN_NON_LITERAL_NULL_CONVERSION = YES;
				CLANG_WARN_OBJC_IMPLICIT_RETAIN_SELF = YES;
				CLANG_WARN_OBJC_LITERAL_CONVERSION = YES;
				CLANG_WARN_OBJC_ROOT_CLASS = YES_ERROR;
				CLANG_WARN_QUOTED_INCLUDE_IN_FRAMEWORK_HEADER = YES;
				CLANG_WARN_RANGE_LOOP_ANALYSIS = YES;
				CLANG_WARN_STRICT_PROTOTYPES = YES;
				CLANG_WARN_SUSPICIOUS_MOVE = YES;
				CLANG_WARN_UNGUARDED_AVAILABILITY = YES_AGGRESSIVE;
				CLANG_WARN_UNREACHABLE_CODE = YES;
				CLANG_WARN__DUPLICATE_METHOD_MATCH = YES;
				COPY_PHASE_STRIP = NO;
				DEBUG_INFORMATION_FORMAT = dwarf;
				ENABLE_STRICT_OBJC_MSGSEND = YES;
				ENABLE_TESTABILITY = YES;
				GCC_C_LANGUAGE_STANDARD = gnu11;
				GCC_DYNAMIC_NO_PIC = NO;
				GCC_NO_COMMON_BLOCKS = YES;
				GCC_OPTIMIZATION_LEVEL = 0;
				GCC_PREPROCESSOR_DEFINITIONS = (
					"DEBUG=1",
					"$(inherited)",
				);
				GCC_WARN_64_TO_32_BIT_CONVERSION = YES;
				GCC_WARN_ABOUT_RETURN_TYPE = YES_ERROR;
				GCC_WARN_UNDECLARED_SELECTOR = YES;
				GCC_WARN_UNINITIALIZED_AUTOS = YES_AGGRESSIVE;
				GCC_WARN_UNUSED_FUNCTION = YES;
				GCC_WARN_UNUSED_VARIABLE = YES;
				IPHONEOS_DEPLOYMENT_TARGET = 13.2;
				MTL_ENABLE_DEBUG_INFO = INCLUDE_SOURCE;
				MTL_FAST_MATH = YES;
				ONLY_ACTIVE_ARCH = YES;
				SDKROOT = iphoneos;
				SWIFT_ACTIVE_COMPILATION_CONDITIONS = DEBUG;
				SWIFT_OPTIMIZATION_LEVEL = "-Onone";
			};
			name = Debug;
		};
		C70FB10A25BEF61D00C9924E /* Release */ = {
			isa = XCBuildConfiguration;
			buildSettings = {
				ALWAYS_SEARCH_USER_PATHS = NO;
				CLANG_ANALYZER_NONNULL = YES;
				CLANG_ANALYZER_NUMBER_OBJECT_CONVERSION = YES_AGGRESSIVE;
				CLANG_CXX_LANGUAGE_STANDARD = "gnu++14";
				CLANG_CXX_LIBRARY = "libc++";
				CLANG_ENABLE_MODULES = YES;
				CLANG_ENABLE_OBJC_ARC = YES;
				CLANG_ENABLE_OBJC_WEAK = YES;
				CLANG_WARN_BLOCK_CAPTURE_AUTORELEASING = YES;
				CLANG_WARN_BOOL_CONVERSION = YES;
				CLANG_WARN_COMMA = YES;
				CLANG_WARN_CONSTANT_CONVERSION = YES;
				CLANG_WARN_DEPRECATED_OBJC_IMPLEMENTATIONS = YES;
				CLANG_WARN_DIRECT_OBJC_ISA_USAGE = YES_ERROR;
				CLANG_WARN_DOCUMENTATION_COMMENTS = YES;
				CLANG_WARN_EMPTY_BODY = YES;
				CLANG_WARN_ENUM_CONVERSION = YES;
				CLANG_WARN_INFINITE_RECURSION = YES;
				CLANG_WARN_INT_CONVERSION = YES;
				CLANG_WARN_NON_LITERAL_NULL_CONVERSION = YES;
				CLANG_WARN_OBJC_IMPLICIT_RETAIN_SELF = YES;
				CLANG_WARN_OBJC_LITERAL_CONVERSION = YES;
				CLANG_WARN_OBJC_ROOT_CLASS = YES_ERROR;
				CLANG_WARN_QUOTED_INCLUDE_IN_FRAMEWORK_HEADER = YES;
				CLANG_WARN_RANGE_LOOP_ANALYSIS = YES;
				CLANG_WARN_STRICT_PROTOTYPES = YES;
				CLANG_WARN_SUSPICIOUS_MOVE = YES;
				CLANG_WARN_UNGUARDED_AVAILABILITY = YES_AGGRESSIVE;
				CLANG_WARN_UNREACHABLE_CODE = YES;
				CLANG_WARN__DUPLICATE_METHOD_MATCH = YES;
				COPY_PHASE_STRIP = NO;
				DEBUG_INFORMATION_FORMAT = "dwarf-with-dsym";
				ENABLE_NS_ASSERTIONS = NO;
				ENABLE_STRICT_OBJC_MSGSEND = YES;
				GCC_C_LANGUAGE_STANDARD = gnu11;
				GCC_NO_COMMON_BLOCKS = YES;
				GCC_WARN_64_TO_32_BIT_CONVERSION = YES;
				GCC_WARN_ABOUT_RETURN_TYPE = YES_ERROR;
				GCC_WARN_UNDECLARED_SELECTOR = YES;
				GCC_WARN_UNINITIALIZED_AUTOS = YES_AGGRESSIVE;
				GCC_WARN_UNUSED_FUNCTION = YES;
				GCC_WARN_UNUSED_VARIABLE = YES;
				IPHONEOS_DEPLOYMENT_TARGET = 13.2;
				MTL_ENABLE_DEBUG_INFO = NO;
				MTL_FAST_MATH = YES;
				SDKROOT = iphoneos;
				SWIFT_COMPILATION_MODE = wholemodule;
				SWIFT_OPTIMIZATION_LEVEL = "-O";
				VALIDATE_PRODUCT = YES;
			};
			name = Release;
		};
		C70FB10C25BEF61D00C9924E /* Debug */ = {
			isa = XCBuildConfiguration;
			buildSettings = {
				ASSETCATALOG_COMPILER_APPICON_NAME = AppIcon;
				ASSETCATALOG_COMPILER_GLOBAL_ACCENT_COLOR_NAME = AccentColor;
				CODE_SIGN_STYLE = Automatic;
				INFOPLIST_FILE = OpenMarket/Resource/Info.plist;
				IPHONEOS_DEPLOYMENT_TARGET = 13.2;
				LD_RUNPATH_SEARCH_PATHS = (
					"$(inherited)",
					"@executable_path/Frameworks",
				);
				PRODUCT_BUNDLE_IDENTIFIER = net.yagom.OpenMarket;
				PRODUCT_NAME = "$(TARGET_NAME)";
				SWIFT_VERSION = 5.0;
				TARGETED_DEVICE_FAMILY = "1,2";
			};
			name = Debug;
		};
		C70FB10D25BEF61D00C9924E /* Release */ = {
			isa = XCBuildConfiguration;
			buildSettings = {
				ASSETCATALOG_COMPILER_APPICON_NAME = AppIcon;
				ASSETCATALOG_COMPILER_GLOBAL_ACCENT_COLOR_NAME = AccentColor;
				CODE_SIGN_STYLE = Automatic;
				INFOPLIST_FILE = OpenMarket/Resource/Info.plist;
				IPHONEOS_DEPLOYMENT_TARGET = 13.2;
				LD_RUNPATH_SEARCH_PATHS = (
					"$(inherited)",
					"@executable_path/Frameworks",
				);
				PRODUCT_BUNDLE_IDENTIFIER = net.yagom.OpenMarket;
				PRODUCT_NAME = "$(TARGET_NAME)";
				SWIFT_VERSION = 5.0;
				TARGETED_DEVICE_FAMILY = "1,2";
			};
			name = Release;
		};
/* End XCBuildConfiguration section */

/* Begin XCConfigurationList section */
		C23B0902279E46AC006456AD /* Build configuration list for PBXNativeTarget "OpenMarketTests" */ = {
			isa = XCConfigurationList;
			buildConfigurations = (
				C23B0903279E46AC006456AD /* Debug */,
				C23B0904279E46AC006456AD /* Release */,
			);
			defaultConfigurationIsVisible = 0;
			defaultConfigurationName = Release;
		};
		C70FB0F225BEF61C00C9924E /* Build configuration list for PBXProject "OpenMarket" */ = {
			isa = XCConfigurationList;
			buildConfigurations = (
				C70FB10925BEF61D00C9924E /* Debug */,
				C70FB10A25BEF61D00C9924E /* Release */,
			);
			defaultConfigurationIsVisible = 0;
			defaultConfigurationName = Release;
		};
		C70FB10B25BEF61D00C9924E /* Build configuration list for PBXNativeTarget "OpenMarket" */ = {
			isa = XCConfigurationList;
			buildConfigurations = (
				C70FB10C25BEF61D00C9924E /* Debug */,
				C70FB10D25BEF61D00C9924E /* Release */,
			);
			defaultConfigurationIsVisible = 0;
			defaultConfigurationName = Release;
		};
/* End XCConfigurationList section */
	};
	rootObject = C70FB0EF25BEF61C00C9924E /* Project object */;
}
